github.com/cuishu/functools v0.0.0-20221026004008-beb9b9c0e338 h1:MIs3Qk6XOQX6I2ugvmri6gEdsN9Ss0IE5kJGVsJV6bo=
github.com/cuishu/functools v0.0.0-20221026004008-beb9b9c0e338/go.mod h1:L+yg4uu+GXqiH05ltA2CuS+SAhMRW4JyRrrNZO8Y2Uo=
github.com/emicklei/proto v1.11.1 h1:CBZwNVwPJvkdevxvsoCuFedF9ENiBz0saen3L9y0OTA=
github.com/emicklei/proto v1.11.1/go.mod h1:rn1FgRS/FANiZdD2djyH7TMA9jdRDcYQ9IEN9yvjX0A=
golang.org/x/text v0.7.0 h1:4BRB4x83lYWy72KwLD/qYDuTu7q9PjSagHvijDw7cLo=
golang.org/x/text v0.7.0/go.mod h1:mrYo+phRRbMaCq/xk9113O4dZlRixOauAjOtrjsXDZ8=
